// !$*UTF8*$!
{
	archiveVersion = 1;
	classes = {
	};
	objectVersion = 48;
	objects = {

/* Begin PBXBuildFile section */
		1272CA6123F6F8C6816A36FA /* Pods_Todoey.framework in Frameworks */ = {isa = PBXBuildFile; fileRef = CC6E6618AE06815E6DDF29E6 /* Pods_Todoey.framework */; };
		D01F88F9206CBF7E00DEFA0E /* AppDelegate.swift in Sources */ = {isa = PBXBuildFile; fileRef = D01F88F8206CBF7E00DEFA0E /* AppDelegate.swift */; };
		D01F88FB206CBF7E00DEFA0E /* TodoViewController.swift in Sources */ = {isa = PBXBuildFile; fileRef = D01F88FA206CBF7E00DEFA0E /* TodoViewController.swift */; };
		D01F88FE206CBF7E00DEFA0E /* Main.storyboard in Resources */ = {isa = PBXBuildFile; fileRef = D01F88FC206CBF7E00DEFA0E /* Main.storyboard */; };
		D01F8900206CBF7E00DEFA0E /* Assets.xcassets in Resources */ = {isa = PBXBuildFile; fileRef = D01F88FF206CBF7E00DEFA0E /* Assets.xcassets */; };
		D01F8903206CBF7E00DEFA0E /* LaunchScreen.storyboard in Resources */ = {isa = PBXBuildFile; fileRef = D01F8901206CBF7E00DEFA0E /* LaunchScreen.storyboard */; };
		D07D29AD207109B800C18994 /* CategoryTableViewController.swift in Sources */ = {isa = PBXBuildFile; fileRef = D07D29AC207109B800C18994 /* CategoryTableViewController.swift */; };
		D08A168C2073548B002C8398 /* Item.swift in Sources */ = {isa = PBXBuildFile; fileRef = D08A168B2073548B002C8398 /* Item.swift */; };
		D08A168E2073549B002C8398 /* Category.swift in Sources */ = {isa = PBXBuildFile; fileRef = D08A168D2073549B002C8398 /* Category.swift */; };
/* End PBXBuildFile section */

/* Begin PBXFileReference section */
		1E36885F4487A7949D3E531B /* Pods-Todoey.debug.xcconfig */ = {isa = PBXFileReference; includeInIndex = 1; lastKnownFileType = text.xcconfig; name = "Pods-Todoey.debug.xcconfig"; path = "Pods/Target Support Files/Pods-Todoey/Pods-Todoey.debug.xcconfig"; sourceTree = "<group>"; };
		6E3F657E0CA34A26515EDADD /* Pods-Todoey.release.xcconfig */ = {isa = PBXFileReference; includeInIndex = 1; lastKnownFileType = text.xcconfig; name = "Pods-Todoey.release.xcconfig"; path = "Pods/Target Support Files/Pods-Todoey/Pods-Todoey.release.xcconfig"; sourceTree = "<group>"; };
		CC6E6618AE06815E6DDF29E6 /* Pods_Todoey.framework */ = {isa = PBXFileReference; explicitFileType = wrapper.framework; includeInIndex = 0; path = Pods_Todoey.framework; sourceTree = BUILT_PRODUCTS_DIR; };
		D01F88F5206CBF7E00DEFA0E /* Todoey.app */ = {isa = PBXFileReference; explicitFileType = wrapper.application; includeInIndex = 0; path = Todoey.app; sourceTree = BUILT_PRODUCTS_DIR; };
		D01F88F8206CBF7E00DEFA0E /* AppDelegate.swift */ = {isa = PBXFileReference; lastKnownFileType = sourcecode.swift; path = AppDelegate.swift; sourceTree = "<group>"; };
		D01F88FA206CBF7E00DEFA0E /* TodoViewController.swift */ = {isa = PBXFileReference; lastKnownFileType = sourcecode.swift; path = TodoViewController.swift; sourceTree = "<group>"; };
		D01F88FD206CBF7E00DEFA0E /* Base */ = {isa = PBXFileReference; lastKnownFileType = file.storyboard; name = Base; path = Base.lproj/Main.storyboard; sourceTree = "<group>"; };
		D01F88FF206CBF7E00DEFA0E /* Assets.xcassets */ = {isa = PBXFileReference; lastKnownFileType = folder.assetcatalog; path = Assets.xcassets; sourceTree = "<group>"; };
		D01F8902206CBF7E00DEFA0E /* Base */ = {isa = PBXFileReference; lastKnownFileType = file.storyboard; name = Base; path = Base.lproj/LaunchScreen.storyboard; sourceTree = "<group>"; };
		D01F8904206CBF7E00DEFA0E /* Info.plist */ = {isa = PBXFileReference; lastKnownFileType = text.plist.xml; path = Info.plist; sourceTree = "<group>"; };
		D07D29AC207109B800C18994 /* CategoryTableViewController.swift */ = {isa = PBXFileReference; lastKnownFileType = sourcecode.swift; path = CategoryTableViewController.swift; sourceTree = "<group>"; };
		D08A168B2073548B002C8398 /* Item.swift */ = {isa = PBXFileReference; lastKnownFileType = sourcecode.swift; path = Item.swift; sourceTree = "<group>"; };
		D08A168D2073549B002C8398 /* Category.swift */ = {isa = PBXFileReference; lastKnownFileType = sourcecode.swift; path = Category.swift; sourceTree = "<group>"; };
/* End PBXFileReference section */

/* Begin PBXFrameworksBuildPhase section */
		D01F88F2206CBF7E00DEFA0E /* Frameworks */ = {
			isa = PBXFrameworksBuildPhase;
			buildActionMask = 2147483647;
			files = (
				1272CA6123F6F8C6816A36FA /* Pods_Todoey.framework in Frameworks */,
			);
			runOnlyForDeploymentPostprocessing = 0;
		};
/* End PBXFrameworksBuildPhase section */

/* Begin PBXGroup section */
		01B76F471268E043A8E5AE47 /* Frameworks */ = {
			isa = PBXGroup;
			children = (
				CC6E6618AE06815E6DDF29E6 /* Pods_Todoey.framework */,
			);
			name = Frameworks;
			sourceTree = "<group>";
		};
		390C0066D14C81B04061F7DA /* Pods */ = {
			isa = PBXGroup;
			children = (
				1E36885F4487A7949D3E531B /* Pods-Todoey.debug.xcconfig */,
				6E3F657E0CA34A26515EDADD /* Pods-Todoey.release.xcconfig */,
			);
			name = Pods;
			sourceTree = "<group>";
		};
		D01F88EC206CBF7E00DEFA0E = {
			isa = PBXGroup;
			children = (
				D01F88F7206CBF7E00DEFA0E /* Todoey */,
				D01F88F6206CBF7E00DEFA0E /* Products */,
				390C0066D14C81B04061F7DA /* Pods */,
				01B76F471268E043A8E5AE47 /* Frameworks */,
			);
			sourceTree = "<group>";
		};
		D01F88F6206CBF7E00DEFA0E /* Products */ = {
			isa = PBXGroup;
			children = (
				D01F88F5206CBF7E00DEFA0E /* Todoey.app */,
			);
			name = Products;
			sourceTree = "<group>";
		};
		D01F88F7206CBF7E00DEFA0E /* Todoey */ = {
			isa = PBXGroup;
			children = (
				D01F88F8206CBF7E00DEFA0E /* AppDelegate.swift */,
				D01F892D206E74A300DEFA0E /* Data Model */,
				D01F892E206E74C400DEFA0E /* Controllers */,
				D01F892F206E74DE00DEFA0E /* Views */,
				D01F8930206E74F500DEFA0E /* Supporting Files */,
				D01F8904206CBF7E00DEFA0E /* Info.plist */,
			);
			path = Todoey;
			sourceTree = "<group>";
		};
		D01F892D206E74A300DEFA0E /* Data Model */ = {
			isa = PBXGroup;
			children = (
				D08A168D2073549B002C8398 /* Category.swift */,
				D08A168B2073548B002C8398 /* Item.swift */,
			);
			path = "Data Model";
			sourceTree = "<group>";
		};
		D01F892E206E74C400DEFA0E /* Controllers */ = {
			isa = PBXGroup;
			children = (
				D07D29AC207109B800C18994 /* CategoryTableViewController.swift */,
				D01F88FA206CBF7E00DEFA0E /* TodoViewController.swift */,
			);
			path = Controllers;
			sourceTree = "<group>";
		};
		D01F892F206E74DE00DEFA0E /* Views */ = {
			isa = PBXGroup;
			children = (
				D01F88FC206CBF7E00DEFA0E /* Main.storyboard */,
			);
			path = Views;
			sourceTree = "<group>";
		};
		D01F8930206E74F500DEFA0E /* Supporting Files */ = {
			isa = PBXGroup;
			children = (
				D01F88FF206CBF7E00DEFA0E /* Assets.xcassets */,
				D01F8901206CBF7E00DEFA0E /* LaunchScreen.storyboard */,
			);
			path = "Supporting Files";
			sourceTree = "<group>";
		};
/* End PBXGroup section */

/* Begin PBXNativeTarget section */
		D01F88F4206CBF7E00DEFA0E /* Todoey */ = {
			isa = PBXNativeTarget;
			buildConfigurationList = D01F8907206CBF7E00DEFA0E /* Build configuration list for PBXNativeTarget "Todoey" */;
			buildPhases = (
				C3D13D8EE3E950AB15D2B2CC /* [CP] Check Pods Manifest.lock */,
				D01F88F1206CBF7E00DEFA0E /* Sources */,
				D01F88F2206CBF7E00DEFA0E /* Frameworks */,
				D01F88F3206CBF7E00DEFA0E /* Resources */,
				A9A5FD164CCA46818F12D2BD /* [CP] Embed Pods Frameworks */,
				40ED7E55CACF2DDE78D3F2B0 /* [CP] Copy Pods Resources */,
			);
			buildRules = (
			);
			dependencies = (
			);
			name = Todoey;
			productName = Todoey;
			productReference = D01F88F5206CBF7E00DEFA0E /* Todoey.app */;
			productType = "com.apple.product-type.application";
		};
/* End PBXNativeTarget section */

/* Begin PBXProject section */
		D01F88ED206CBF7E00DEFA0E /* Project object */ = {
			isa = PBXProject;
			attributes = {
				LastSwiftUpdateCheck = 0920;
				LastUpgradeCheck = 0920;
				ORGANIZATIONNAME = Development;
				TargetAttributes = {
					D01F88F4206CBF7E00DEFA0E = {
						CreatedOnToolsVersion = 9.2;
						ProvisioningStyle = Automatic;
					};
				};
			};
			buildConfigurationList = D01F88F0206CBF7E00DEFA0E /* Build configuration list for PBXProject "Todoey" */;
			compatibilityVersion = "Xcode 8.0";
			developmentRegion = en;
			hasScannedForEncodings = 0;
			knownRegions = (
				en,
				Base,
			);
			mainGroup = D01F88EC206CBF7E00DEFA0E;
			productRefGroup = D01F88F6206CBF7E00DEFA0E /* Products */;
			projectDirPath = "";
			projectRoot = "";
			targets = (
				D01F88F4206CBF7E00DEFA0E /* Todoey */,
			);
		};
/* End PBXProject section */

/* Begin PBXResourcesBuildPhase section */
		D01F88F3206CBF7E00DEFA0E /* Resources */ = {
			isa = PBXResourcesBuildPhase;
			buildActionMask = 2147483647;
			files = (
				D01F8903206CBF7E00DEFA0E /* LaunchScreen.storyboard in Resources */,
				D01F8900206CBF7E00DEFA0E /* Assets.xcassets in Resources */,
				D01F88FE206CBF7E00DEFA0E /* Main.storyboard in Resources */,
			);
			runOnlyForDeploymentPostprocessing = 0;
		};
/* End PBXResourcesBuildPhase section */

/* Begin PBXShellScriptBuildPhase section */
		40ED7E55CACF2DDE78D3F2B0 /* [CP] Copy Pods Resources */ = {
			isa = PBXShellScriptBuildPhase;
			buildActionMask = 2147483647;
			files = (
			);
			inputPaths = (
			);
			name = "[CP] Copy Pods Resources";
			outputPaths = (
			);
			runOnlyForDeploymentPostprocessing = 0;
			shellPath = /bin/sh;
			shellScript = "\"${SRCROOT}/Pods/Target Support Files/Pods-Todoey/Pods-Todoey-resources.sh\"\n";
			showEnvVarsInLog = 0;
		};
		A9A5FD164CCA46818F12D2BD /* [CP] Embed Pods Frameworks */ = {
			isa = PBXShellScriptBuildPhase;
			buildActionMask = 2147483647;
			files = (
			);
			inputPaths = (
				"${SRCROOT}/Pods/Target Support Files/Pods-Todoey/Pods-Todoey-frameworks.sh",
				"${BUILT_PRODUCTS_DIR}/Realm/Realm.framework",
				"${BUILT_PRODUCTS_DIR}/RealmSwift/RealmSwift.framework",
			);
			name = "[CP] Embed Pods Frameworks";
			outputPaths = (
				"${TARGET_BUILD_DIR}/${FRAMEWORKS_FOLDER_PATH}/Realm.framework",
				"${TARGET_BUILD_DIR}/${FRAMEWORKS_FOLDER_PATH}/RealmSwift.framework",
			);
			runOnlyForDeploymentPostprocessing = 0;
			shellPath = /bin/sh;
			shellScript = "\"${SRCROOT}/Pods/Target Support Files/Pods-Todoey/Pods-Todoey-frameworks.sh\"\n";
			showEnvVarsInLog = 0;
		};
		C3D13D8EE3E950AB15D2B2CC /* [CP] Check Pods Manifest.lock */ = {
			isa = PBXShellScriptBuildPhase;
			buildActionMask = 2147483647;
			files = (
			);
			inputPaths = (
				"${PODS_PODFILE_DIR_PATH}/Podfile.lock",
				"${PODS_ROOT}/Manifest.lock",
			);
			name = "[CP] Check Pods Manifest.lock";
			outputPaths = (
				"$(DERIVED_FILE_DIR)/Pods-Todoey-checkManifestLockResult.txt",
			);
			runOnlyForDeploymentPostprocessing = 0;
			shellPath = /bin/sh;
			shellScript = "diff \"${PODS_PODFILE_DIR_PATH}/Podfile.lock\" \"${PODS_ROOT}/Manifest.lock\" > /dev/null\nif [ $? != 0 ] ; then\n    # print error to STDERR\n    echo \"error: The sandbox is not in sync with the Podfile.lock. Run 'pod install' or update your CocoaPods installation.\" >&2\n    exit 1\nfi\n# This output is used by Xcode 'outputs' to avoid re-running this script phase.\necho \"SUCCESS\" > \"${SCRIPT_OUTPUT_FILE_0}\"\n";
			showEnvVarsInLog = 0;
		};
/* End PBXShellScriptBuildPhase section */

/* Begin PBXSourcesBuildPhase section */
		D01F88F1206CBF7E00DEFA0E /* Sources */ = {
			isa = PBXSourcesBuildPhase;
			buildActionMask = 2147483647;
			files = (
				D08A168C2073548B002C8398 /* Item.swift in Sources */,
				D01F88FB206CBF7E00DEFA0E /* TodoViewController.swift in Sources */,
				D01F88F9206CBF7E00DEFA0E /* AppDelegate.swift in Sources */,
				D07D29AD207109B800C18994 /* CategoryTableViewController.swift in Sources */,
				D08A168E2073549B002C8398 /* Category.swift in Sources */,
			);
			runOnlyForDeploymentPostprocessing = 0;
		};
/* End PBXSourcesBuildPhase section */

/* Begin PBXVariantGroup section */
		D01F88FC206CBF7E00DEFA0E /* Main.storyboard */ = {
			isa = PBXVariantGroup;
			children = (
				D01F88FD206CBF7E00DEFA0E /* Base */,
			);
			name = Main.storyboard;
			sourceTree = "<group>";
		};
		D01F8901206CBF7E00DEFA0E /* LaunchScreen.storyboard */ = {
			isa = PBXVariantGroup;
			children = (
				D01F8902206CBF7E00DEFA0E /* Base */,
			);
			name = LaunchScreen.storyboard;
			sourceTree = "<group>";
		};
/* End PBXVariantGroup section */

/* Begin XCBuildConfiguration section */
		D01F8905206CBF7E00DEFA0E /* Debug */ = {
			isa = XCBuildConfiguration;
			buildSettings = {
				ALWAYS_SEARCH_USER_PATHS = NO;
				CLANG_ANALYZER_NONNULL = YES;
				CLANG_ANALYZER_NUMBER_OBJECT_CONVERSION = YES_AGGRESSIVE;
				CLANG_CXX_LANGUAGE_STANDARD = "gnu++14";
				CLANG_CXX_LIBRARY = "libc++";
				CLANG_ENABLE_MODULES = YES;
				CLANG_ENABLE_OBJC_ARC = YES;
				CLANG_WARN_BLOCK_CAPTURE_AUTORELEASING = YES;
				CLANG_WARN_BOOL_CONVERSION = YES;
				CLANG_WARN_COMMA = YES;
				CLANG_WARN_CONSTANT_CONVERSION = YES;
				CLANG_WARN_DIRECT_OBJC_ISA_USAGE = YES_ERROR;
				CLANG_WARN_DOCUMENTATION_COMMENTS = YES;
				CLANG_WARN_EMPTY_BODY = YES;
				CLANG_WARN_ENUM_CONVERSION = YES;
				CLANG_WARN_INFINITE_RECURSION = YES;
				CLANG_WARN_INT_CONVERSION = YES;
				CLANG_WARN_NON_LITERAL_NULL_CONVERSION = YES;
				CLANG_WARN_OBJC_LITERAL_CONVERSION = YES;
				CLANG_WARN_OBJC_ROOT_CLASS = YES_ERROR;
				CLANG_WARN_RANGE_LOOP_ANALYSIS = YES;
				CLANG_WARN_STRICT_PROTOTYPES = YES;
				CLANG_WARN_SUSPICIOUS_MOVE = YES;
				CLANG_WARN_UNGUARDED_AVAILABILITY = YES_AGGRESSIVE;
				CLANG_WARN_UNREACHABLE_CODE = YES;
				CLANG_WARN__DUPLICATE_METHOD_MATCH = YES;
				CODE_SIGN_IDENTITY = "iPhone Developer";
				COPY_PHASE_STRIP = NO;
				DEBUG_INFORMATION_FORMAT = dwarf;
				ENABLE_STRICT_OBJC_MSGSEND = YES;
				ENABLE_TESTABILITY = YES;
				GCC_C_LANGUAGE_STANDARD = gnu11;
				GCC_DYNAMIC_NO_PIC = NO;
				GCC_NO_COMMON_BLOCKS = YES;
				GCC_OPTIMIZATION_LEVEL = 0;
				GCC_PREPROCESSOR_DEFINITIONS = (
					"DEBUG=1",
					"$(inherited)",
				);
				GCC_WARN_64_TO_32_BIT_CONVERSION = YES;
				GCC_WARN_ABOUT_RETURN_TYPE = YES_ERROR;
				GCC_WARN_UNDECLARED_SELECTOR = YES;
				GCC_WARN_UNINITIALIZED_AUTOS = YES_AGGRESSIVE;
				GCC_WARN_UNUSED_FUNCTION = YES;
				GCC_WARN_UNUSED_VARIABLE = YES;
				IPHONEOS_DEPLOYMENT_TARGET = 11.2;
				MTL_ENABLE_DEBUG_INFO = YES;
				ONLY_ACTIVE_ARCH = YES;
				SDKROOT = iphoneos;
				SWIFT_ACTIVE_COMPILATION_CONDITIONS = DEBUG;
				SWIFT_OPTIMIZATION_LEVEL = "-Onone";
			};
			name = Debug;
		};
		D01F8906206CBF7E00DEFA0E /* Release */ = {
			isa = XCBuildConfiguration;
			buildSettings = {
				ALWAYS_SEARCH_USER_PATHS = NO;
				CLANG_ANALYZER_NONNULL = YES;
				CLANG_ANALYZER_NUMBER_OBJECT_CONVERSION = YES_AGGRESSIVE;
				CLANG_CXX_LANGUAGE_STANDARD = "gnu++14";
				CLANG_CXX_LIBRARY = "libc++";
				CLANG_ENABLE_MODULES = YES;
				CLANG_ENABLE_OBJC_ARC = YES;
				CLANG_WARN_BLOCK_CAPTURE_AUTORELEASING = YES;
				CLANG_WARN_BOOL_CONVERSION = YES;
				CLANG_WARN_COMMA = YES;
				CLANG_WARN_CONSTANT_CONVERSION = YES;
				CLANG_WARN_DIRECT_OBJC_ISA_USAGE = YES_ERROR;
				CLANG_WARN_DOCUMENTATION_COMMENTS = YES;
				CLANG_WARN_EMPTY_BODY = YES;
				CLANG_WARN_ENUM_CONVERSION = YES;
				CLANG_WARN_INFINITE_RECURSION = YES;
				CLANG_WARN_INT_CONVERSION = YES;
				CLANG_WARN_NON_LITERAL_NULL_CONVERSION = YES;
				CLANG_WARN_OBJC_LITERAL_CONVERSION = YES;
				CLANG_WARN_OBJC_ROOT_CLASS = YES_ERROR;
				CLANG_WARN_RANGE_LOOP_ANALYSIS = YES;
				CLANG_WARN_STRICT_PROTOTYPES = YES;
				CLANG_WARN_SUSPICIOUS_MOVE = YES;
				CLANG_WARN_UNGUARDED_AVAILABILITY = YES_AGGRESSIVE;
				CLANG_WARN_UNREACHABLE_CODE = YES;
				CLANG_WARN__DUPLICATE_METHOD_MATCH = YES;
				CODE_SIGN_IDENTITY = "iPhone Developer";
				COPY_PHASE_STRIP = NO;
				DEBUG_INFORMATION_FORMAT = "dwarf-with-dsym";
				ENABLE_NS_ASSERTIONS = NO;
				ENABLE_STRICT_OBJC_MSGSEND = YES;
				GCC_C_LANGUAGE_STANDARD = gnu11;
				GCC_NO_COMMON_BLOCKS = YES;
				GCC_WARN_64_TO_32_BIT_CONVERSION = YES;
				GCC_WARN_ABOUT_RETURN_TYPE = YES_ERROR;
				GCC_WARN_UNDECLARED_SELECTOR = YES;
				GCC_WARN_UNINITIALIZED_AUTOS = YES_AGGRESSIVE;
				GCC_WARN_UNUSED_FUNCTION = YES;
				GCC_WARN_UNUSED_VARIABLE = YES;
				IPHONEOS_DEPLOYMENT_TARGET = 11.2;
				MTL_ENABLE_DEBUG_INFO = NO;
				SDKROOT = iphoneos;
				SWIFT_OPTIMIZATION_LEVEL = "-Owholemodule";
				VALIDATE_PRODUCT = YES;
			};
			name = Release;
		};
		D01F8908206CBF7E00DEFA0E /* Debug */ = {
			isa = XCBuildConfiguration;
			baseConfigurationReference = 1E36885F4487A7949D3E531B /* Pods-Todoey.debug.xcconfig */;
			buildSettings = {
				ASSETCATALOG_COMPILER_APPICON_NAME = AppIcon;
				CODE_SIGN_STYLE = Automatic;
				DEVELOPMENT_TEAM = Z454JJQAC4;
				INFOPLIST_FILE = Todoey/Info.plist;
				LD_RUNPATH_SEARCH_PATHS = "$(inherited) @executable_path/Frameworks";
				PRODUCT_BUNDLE_IDENTIFIER = com.ShreeBhagwat.Todoey;
				PRODUCT_NAME = "$(TARGET_NAME)";
				SWIFT_VERSION = 4.0;
				TARGETED_DEVICE_FAMILY = 1;
			};
			name = Debug;
		};
		D01F8909206CBF7E00DEFA0E /* Release */ = {
			isa = XCBuildConfiguration;
			baseConfigurationReference = 6E3F657E0CA34A26515EDADD /* Pods-Todoey.release.xcconfig */;
			buildSettings = {
				ASSETCATALOG_COMPILER_APPICON_NAME = AppIcon;
				CODE_SIGN_STYLE = Automatic;
				DEVELOPMENT_TEAM = Z454JJQAC4;
				INFOPLIST_FILE = Todoey/Info.plist;
				LD_RUNPATH_SEARCH_PATHS = "$(inherited) @executable_path/Frameworks";
				PRODUCT_BUNDLE_IDENTIFIER = com.ShreeBhagwat.Todoey;
				PRODUCT_NAME = "$(TARGET_NAME)";
				SWIFT_VERSION = 4.0;
				TARGETED_DEVICE_FAMILY = 1;
			};
			name = Release;
		};
/* End XCBuildConfiguration section */

/* Begin XCConfigurationList section */
		D01F88F0206CBF7E00DEFA0E /* Build configuration list for PBXProject "Todoey" */ = {
			isa = XCConfigurationList;
			buildConfigurations = (
				D01F8905206CBF7E00DEFA0E /* Debug */,
				D01F8906206CBF7E00DEFA0E /* Release */,
			);
			defaultConfigurationIsVisible = 0;
			defaultConfigurationName = Release;
		};
		D01F8907206CBF7E00DEFA0E /* Build configuration list for PBXNativeTarget "Todoey" */ = {
			isa = XCConfigurationList;
			buildConfigurations = (
				D01F8908206CBF7E00DEFA0E /* Debug */,
				D01F8909206CBF7E00DEFA0E /* Release */,
			);
			defaultConfigurationIsVisible = 0;
			defaultConfigurationName = Release;
		};
/* End XCConfigurationList section */
	};
	rootObject = D01F88ED206CBF7E00DEFA0E /* Project object */;
}
